Microsoft Visual Studio Solution File, Format Version 11.00
# Visual Studio 2008

Project("{6301415D-686A-70B4-B816-861CB9A211C8}") = "ARGame", "Assembly-CSharp.csproj", "{13CFF5B3-1A15-770C-654B-44C02361D212}"
EndProject
Project("{6301415D-686A-70B4-B816-861CB9A211C8}") = "ARGame", "Assembly-CSharp-Editor.csproj", "{B9552DB0-4E54-3782-49F9-A497813883FA}"
EndProject
Project("{6301415D-686A-70B4-B816-861CB9A211C8}") = "ARGame", "Assembly-UnityScript-Editor-firstpass.unityproj", "{48CB72FF-514E-FE01-29D7-1B4562A84CC7}"
EndProject
Global
	GlobalSection(SolutionConfigurationPlatforms) = preSolution
		Debug|Any CPU = Debug|Any CPU
		Release|Any CPU = Release|Any CPU
	EndGlobalSection
	GlobalSection(ProjectConfigurationPlatforms) = postSolution
		{13CFF5B3-1A15-770C-654B-44C02361D212}.Debug|Any CPU.ActiveCfg = Debug|Any CPU
		{13CFF5B3-1A15-770C-654B-44C02361D212}.Debug|Any CPU.Build.0 = Debug|Any CPU
		{13CFF5B3-1A15-770C-654B-44C02361D212}.Release|Any CPU.ActiveCfg = Release|Any CPU
		{13CFF5B3-1A15-770C-654B-44C02361D212}.Release|Any CPU.Build.0 = Release|Any CPU
		{B9552DB0-4E54-3782-49F9-A497813883FA}.Debug|Any CPU.ActiveCfg = Debug|Any CPU
		{B9552DB0-4E54-3782-49F9-A497813883FA}.Debug|Any CPU.Build.0 = Debug|Any CPU
		{B9552DB0-4E54-3782-49F9-A497813883FA}.Release|Any CPU.ActiveCfg = Release|Any CPU
		{B9552DB0-4E54-3782-49F9-A497813883FA}.Release|Any CPU.Build.0 = Release|Any CPU
		{48CB72FF-514E-FE01-29D7-1B4562A84CC7}.Debug|Any CPU.ActiveCfg = Debug|Any CPU
		{48CB72FF-514E-FE01-29D7-1B4562A84CC7}.Debug|Any CPU.Build.0 = Debug|Any CPU
		{48CB72FF-514E-FE01-29D7-1B4562A84CC7}.Release|Any CPU.ActiveCfg = Release|Any CPU
		{48CB72FF-514E-FE01-29D7-1B4562A84CC7}.Release|Any CPU.Build.0 = Release|Any CPU
	EndGlobalSection
	GlobalSection(SolutionProperties) = preSolution
		HideSolutionNode = FALSE
	EndGlobalSection
																																																																																																																																																																		GlobalSection(MonoDevelopProperties) = preSolution
		StartupItem = Assembly-CSharp.csproj
		Policies = $0
		$0.TextStylePolicy = $1
		$1.inheritsSet = null
		$1.scope = text/x-csharp
		$0.CSharpFormattingPolicy = $2
		$2.inheritsSet = Mono
		$2.inheritsScope = text/x-csharp
		$2.scope = text/x-csharp
		$0.TextStylePolicy = $3
		$3.FileWidth = 120
		$3.TabWidth = 4
		$3.IndentWidth = 4
		$3.EolMarker = Unix
		$3.inheritsSet = Mono
		$3.inheritsScope = text/plain
		$3.scope = text/plain
	EndGlobalSection

EndGlobal
